
Microsoft Visual Studio Solution File, Format Version 12.00
# Visual Studio 14
VisualStudioVersion = 14.0.24720.0
MinimumVisualStudioVersion = 10.0.40219.1
Project("{FAE04EC0-301F-11D3-BF4B-00C04F79EFBC}") = "LocalPasswords", "LocalPasswords\LocalPasswords.csproj", "{2AED3749-03AA-42A4-BD59-2441E2E5CB0B}"
EndProject
Project("{FAE04EC0-301F-11D3-BF4B-00C04F79EFBC}") = "LocalPasswordsLib", "LocalPasswordsLib\LocalPasswordsLib.csproj", "{7351C2F5-0AAC-4CC3-8340-198A623DE6D9}"
EndProject
Global
	GlobalSection(SolutionConfigurationPlatforms) = preSolution
		Debug|Any CPU = Debug|Any CPU
		Debug|ARM = Debug|ARM
		Debug|x64 = Debug|x64
		Debug|x86 = Debug|x86
		Release|Any CPU = Release|Any CPU
		Release|ARM = Release|ARM
		Release|x64 = Release|x64
		Release|x86 = Release|x86
	EndGlobalSection
	GlobalSection(ProjectConfigurationPlatforms) = postSolution
		{2AED3749-03AA-42A4-BD59-2441E2E5CB0B}.Debug|Any CPU.ActiveCfg = Debug|x86
		{2AED3749-03AA-42A4-BD59-2441E2E5CB0B}.Debug|ARM.ActiveCfg = Debug|ARM
		{2AED3749-03AA-42A4-BD59-2441E2E5CB0B}.Debug|ARM.Build.0 = Debug|ARM
		{2AED3749-03AA-42A4-BD59-2441E2E5CB0B}.Debug|ARM.Deploy.0 = Debug|ARM
		{2AED3749-03AA-42A4-BD59-2441E2E5CB0B}.Debug|x64.ActiveCfg = Debug|x64
		{2AED3749-03AA-42A4-BD59-2441E2E5CB0B}.Debug|x64.Build.0 = Debug|x64
		{2AED3749-03AA-42A4-BD59-2441E2E5CB0B}.Debug|x64.Deploy.0 = Debug|x64
		{2AED3749-03AA-42A4-BD59-2441E2E5CB0B}.Debug|x86.ActiveCfg = Debug|x86
		{2AED3749-03AA-42A4-BD59-2441E2E5CB0B}.Debug|x86.Build.0 = Debug|x86
		{2AED3749-03AA-42A4-BD59-2441E2E5CB0B}.Debug|x86.Deploy.0 = Debug|x86
		{2AED3749-03AA-42A4-BD59-2441E2E5CB0B}.Release|Any CPU.ActiveCfg = Release|x86
		{2AED3749-03AA-42A4-BD59-2441E2E5CB0B}.Release|ARM.ActiveCfg = Release|ARM
		{2AED3749-03AA-42A4-BD59-2441E2E5CB0B}.Release|ARM.Build.0 = Release|ARM
		{2AED3749-03AA-42A4-BD59-2441E2E5CB0B}.Release|ARM.Deploy.0 = Release|ARM
		{2AED3749-03AA-42A4-BD59-2441E2E5CB0B}.Release|x64.ActiveCfg = Release|x64
		{2AED3749-03AA-42A4-BD59-2441E2E5CB0B}.Release|x64.Build.0 = Release|x64
		{2AED3749-03AA-42A4-BD59-2441E2E5CB0B}.Release|x64.Deploy.0 = Release|x64
		{2AED3749-03AA-42A4-BD59-2441E2E5CB0B}.Release|x86.ActiveCfg = Release|x86
		{2AED3749-03AA-42A4-BD59-2441E2E5CB0B}.Release|x86.Build.0 = Release|x86
		{2AED3749-03AA-42A4-BD59-2441E2E5CB0B}.Release|x86.Deploy.0 = Release|x86
		{7351C2F5-0AAC-4CC3-8340-198A623DE6D9}.Debug|Any CPU.ActiveCfg = Debug|Any CPU
		{7351C2F5-0AAC-4CC3-8340-198A623DE6D9}.Debug|Any CPU.Build.0 = Debug|Any CPU
		{7351C2F5-0AAC-4CC3-8340-198A623DE6D9}.Debug|ARM.ActiveCfg = Debug|ARM
		{7351C2F5-0AAC-4CC3-8340-198A623DE6D9}.Debug|ARM.Build.0 = Debug|ARM
		{7351C2F5-0AAC-4CC3-8340-198A623DE6D9}.Debug|x64.ActiveCfg = Debug|x64
		{7351C2F5-0AAC-4CC3-8340-198A623DE6D9}.Debug|x64.Build.0 = Debug|x64
		{7351C2F5-0AAC-4CC3-8340-198A623DE6D9}.Debug|x86.ActiveCfg = Debug|x86
		{7351C2F5-0AAC-4CC3-8340-198A623DE6D9}.Debug|x86.Build.0 = Debug|x86
		{7351C2F5-0AAC-4CC3-8340-198A623DE6D9}.Release|Any CPU.ActiveCfg = Release|Any CPU
		{7351C2F5-0AAC-4CC3-8340-198A623DE6D9}.Release|Any CPU.Build.0 = Release|Any CPU
		{7351C2F5-0AAC-4CC3-8340-198A623DE6D9}.Release|ARM.ActiveCfg = Release|ARM
		{7351C2F5-0AAC-4CC3-8340-198A623DE6D9}.Release|ARM.Build.0 = Release|ARM
		{7351C2F5-0AAC-4CC3-8340-198A623DE6D9}.Release|x64.ActiveCfg = Release|x64
		{7351C2F5-0AAC-4CC3-8340-198A623DE6D9}.Release|x64.Build.0 = Release|x64
		{7351C2F5-0AAC-4CC3-8340-198A623DE6D9}.Release|x86.ActiveCfg = Release|x86
		{7351C2F5-0AAC-4CC3-8340-198A623DE6D9}.Release|x86.Build.0 = Release|x86
	EndGlobalSection
	GlobalSection(SolutionProperties) = preSolution
		HideSolutionNode = FALSE
	EndGlobalSection
EndGlobal
